
Microsoft Visual Studio Solution File, Format Version 12.00
# Visual Studio 2010
Project("{FAE04EC0-301F-11D3-BF4B-00C04F79EFBC}") = "Server.Wcf", "Server.Wcf\Server.Wcf.csproj", "{23CA0520-53C2-4086-80E6-1593EA662F09}"
EndProject
Project("{FAE04EC0-301F-11D3-BF4B-00C04F79EFBC}") = "Server.Engine", "Server.Engine\Server.Engine.csproj", "{EAC90361-73E0-4E01-9699-8D6FA0CA5F83}"
EndProject
Project("{FAE04EC0-301F-11D3-BF4B-00C04F79EFBC}") = "Server.Contracts", "Server.Contracts\Server.Contracts.csproj", "{BFAF71DA-7097-4D26-AFC3-5F44FD9D7025}"
EndProject
Project("{2150E333-8FDC-42A3-9474-1A3956D46DE8}") = ".nuget", ".nuget", "{42F658E6-3639-42A5-890A-FF19D62B6644}"
	ProjectSection(SolutionItems) = preProject
		.nuget\NuGet.Config = .nuget\NuGet.Config
		.nuget\NuGet.exe = .nuget\NuGet.exe
		.nuget\NuGet.targets = .nuget\NuGet.targets
	EndProjectSection
EndProject
Project("{FAE04EC0-301F-11D3-BF4B-00C04F79EFBC}") = "Server.ReadModel.Endpoint", "Server.ReadModel.Endpoint\Server.ReadModel.Endpoint.csproj", "{ACD2B77C-23EB-4066-88BC-2E5FB166B0A9}"
	ProjectSection(ProjectDependencies) = postProject
		{23CA0520-53C2-4086-80E6-1593EA662F09} = {23CA0520-53C2-4086-80E6-1593EA662F09}
	EndProjectSection
EndProject
Project("{FAE04EC0-301F-11D3-BF4B-00C04F79EFBC}") = "Utils", "Utils\Utils.csproj", "{471C2A0B-8862-41B1-A5C3-EA7238E58020}"
EndProject
Project("{FAE04EC0-301F-11D3-BF4B-00C04F79EFBC}") = "TestConsoleClient", "TestConsoleClient\TestConsoleClient.csproj", "{36B93017-5622-4EF6-8AA1-F9BE221A06DF}"
	ProjectSection(ProjectDependencies) = postProject
		{23CA0520-53C2-4086-80E6-1593EA662F09} = {23CA0520-53C2-4086-80E6-1593EA662F09}
	EndProjectSection
EndProject
Global
	GlobalSection(SolutionConfigurationPlatforms) = preSolution
		Debug|Any CPU = Debug|Any CPU
		Debug|Mixed Platforms = Debug|Mixed Platforms
		Debug|x86 = Debug|x86
		Release|Any CPU = Release|Any CPU
		Release|Mixed Platforms = Release|Mixed Platforms
		Release|x86 = Release|x86
	EndGlobalSection
	GlobalSection(ProjectConfigurationPlatforms) = postSolution
		{23CA0520-53C2-4086-80E6-1593EA662F09}.Debug|Any CPU.ActiveCfg = Debug|Any CPU
		{23CA0520-53C2-4086-80E6-1593EA662F09}.Debug|Any CPU.Build.0 = Debug|Any CPU
		{23CA0520-53C2-4086-80E6-1593EA662F09}.Debug|Mixed Platforms.ActiveCfg = Debug|Any CPU
		{23CA0520-53C2-4086-80E6-1593EA662F09}.Debug|Mixed Platforms.Build.0 = Debug|Any CPU
		{23CA0520-53C2-4086-80E6-1593EA662F09}.Debug|x86.ActiveCfg = Debug|Any CPU
		{23CA0520-53C2-4086-80E6-1593EA662F09}.Release|Any CPU.ActiveCfg = Release|Any CPU
		{23CA0520-53C2-4086-80E6-1593EA662F09}.Release|Any CPU.Build.0 = Release|Any CPU
		{23CA0520-53C2-4086-80E6-1593EA662F09}.Release|Mixed Platforms.ActiveCfg = Release|Any CPU
		{23CA0520-53C2-4086-80E6-1593EA662F09}.Release|Mixed Platforms.Build.0 = Release|Any CPU
		{23CA0520-53C2-4086-80E6-1593EA662F09}.Release|x86.ActiveCfg = Release|Any CPU
		{EAC90361-73E0-4E01-9699-8D6FA0CA5F83}.Debug|Any CPU.ActiveCfg = Debug|Any CPU
		{EAC90361-73E0-4E01-9699-8D6FA0CA5F83}.Debug|Any CPU.Build.0 = Debug|Any CPU
		{EAC90361-73E0-4E01-9699-8D6FA0CA5F83}.Debug|Mixed Platforms.ActiveCfg = Debug|Any CPU
		{EAC90361-73E0-4E01-9699-8D6FA0CA5F83}.Debug|Mixed Platforms.Build.0 = Debug|Any CPU
		{EAC90361-73E0-4E01-9699-8D6FA0CA5F83}.Debug|x86.ActiveCfg = Debug|Any CPU
		{EAC90361-73E0-4E01-9699-8D6FA0CA5F83}.Release|Any CPU.ActiveCfg = Release|Any CPU
		{EAC90361-73E0-4E01-9699-8D6FA0CA5F83}.Release|Any CPU.Build.0 = Release|Any CPU
		{EAC90361-73E0-4E01-9699-8D6FA0CA5F83}.Release|Mixed Platforms.ActiveCfg = Release|Any CPU
		{EAC90361-73E0-4E01-9699-8D6FA0CA5F83}.Release|Mixed Platforms.Build.0 = Release|Any CPU
		{EAC90361-73E0-4E01-9699-8D6FA0CA5F83}.Release|x86.ActiveCfg = Release|Any CPU
		{BFAF71DA-7097-4D26-AFC3-5F44FD9D7025}.Debug|Any CPU.ActiveCfg = Debug|Any CPU
		{BFAF71DA-7097-4D26-AFC3-5F44FD9D7025}.Debug|Any CPU.Build.0 = Debug|Any CPU
		{BFAF71DA-7097-4D26-AFC3-5F44FD9D7025}.Debug|Mixed Platforms.ActiveCfg = Debug|Any CPU
		{BFAF71DA-7097-4D26-AFC3-5F44FD9D7025}.Debug|Mixed Platforms.Build.0 = Debug|Any CPU
		{BFAF71DA-7097-4D26-AFC3-5F44FD9D7025}.Debug|x86.ActiveCfg = Debug|Any CPU
		{BFAF71DA-7097-4D26-AFC3-5F44FD9D7025}.Release|Any CPU.ActiveCfg = Release|Any CPU
		{BFAF71DA-7097-4D26-AFC3-5F44FD9D7025}.Release|Any CPU.Build.0 = Release|Any CPU
		{BFAF71DA-7097-4D26-AFC3-5F44FD9D7025}.Release|Mixed Platforms.ActiveCfg = Release|Any CPU
		{BFAF71DA-7097-4D26-AFC3-5F44FD9D7025}.Release|Mixed Platforms.Build.0 = Release|Any CPU
		{BFAF71DA-7097-4D26-AFC3-5F44FD9D7025}.Release|x86.ActiveCfg = Release|Any CPU
		{ACD2B77C-23EB-4066-88BC-2E5FB166B0A9}.Debug|Any CPU.ActiveCfg = Debug|Any CPU
		{ACD2B77C-23EB-4066-88BC-2E5FB166B0A9}.Debug|Any CPU.Build.0 = Debug|Any CPU
		{ACD2B77C-23EB-4066-88BC-2E5FB166B0A9}.Debug|Mixed Platforms.ActiveCfg = Debug|Any CPU
		{ACD2B77C-23EB-4066-88BC-2E5FB166B0A9}.Debug|Mixed Platforms.Build.0 = Debug|Any CPU
		{ACD2B77C-23EB-4066-88BC-2E5FB166B0A9}.Debug|x86.ActiveCfg = Debug|Any CPU
		{ACD2B77C-23EB-4066-88BC-2E5FB166B0A9}.Release|Any CPU.ActiveCfg = Release|Any CPU
		{ACD2B77C-23EB-4066-88BC-2E5FB166B0A9}.Release|Any CPU.Build.0 = Release|Any CPU
		{ACD2B77C-23EB-4066-88BC-2E5FB166B0A9}.Release|Mixed Platforms.ActiveCfg = Release|Any CPU
		{ACD2B77C-23EB-4066-88BC-2E5FB166B0A9}.Release|Mixed Platforms.Build.0 = Release|Any CPU
		{ACD2B77C-23EB-4066-88BC-2E5FB166B0A9}.Release|x86.ActiveCfg = Release|Any CPU
		{471C2A0B-8862-41B1-A5C3-EA7238E58020}.Debug|Any CPU.ActiveCfg = Debug|Any CPU
		{471C2A0B-8862-41B1-A5C3-EA7238E58020}.Debug|Any CPU.Build.0 = Debug|Any CPU
		{471C2A0B-8862-41B1-A5C3-EA7238E58020}.Debug|Mixed Platforms.ActiveCfg = Debug|Any CPU
		{471C2A0B-8862-41B1-A5C3-EA7238E58020}.Debug|Mixed Platforms.Build.0 = Debug|Any CPU
		{471C2A0B-8862-41B1-A5C3-EA7238E58020}.Debug|x86.ActiveCfg = Debug|Any CPU
		{471C2A0B-8862-41B1-A5C3-EA7238E58020}.Release|Any CPU.ActiveCfg = Release|Any CPU
		{471C2A0B-8862-41B1-A5C3-EA7238E58020}.Release|Any CPU.Build.0 = Release|Any CPU
		{471C2A0B-8862-41B1-A5C3-EA7238E58020}.Release|Mixed Platforms.ActiveCfg = Release|Any CPU
		{471C2A0B-8862-41B1-A5C3-EA7238E58020}.Release|Mixed Platforms.Build.0 = Release|Any CPU
		{471C2A0B-8862-41B1-A5C3-EA7238E58020}.Release|x86.ActiveCfg = Release|Any CPU
		{36B93017-5622-4EF6-8AA1-F9BE221A06DF}.Debug|Any CPU.ActiveCfg = Debug|x86
		{36B93017-5622-4EF6-8AA1-F9BE221A06DF}.Debug|Mixed Platforms.ActiveCfg = Debug|x86
		{36B93017-5622-4EF6-8AA1-F9BE221A06DF}.Debug|Mixed Platforms.Build.0 = Debug|x86
		{36B93017-5622-4EF6-8AA1-F9BE221A06DF}.Debug|x86.ActiveCfg = Debug|x86
		{36B93017-5622-4EF6-8AA1-F9BE221A06DF}.Debug|x86.Build.0 = Debug|x86
		{36B93017-5622-4EF6-8AA1-F9BE221A06DF}.Release|Any CPU.ActiveCfg = Release|x86
		{36B93017-5622-4EF6-8AA1-F9BE221A06DF}.Release|Mixed Platforms.ActiveCfg = Release|x86
		{36B93017-5622-4EF6-8AA1-F9BE221A06DF}.Release|Mixed Platforms.Build.0 = Release|x86
		{36B93017-5622-4EF6-8AA1-F9BE221A06DF}.Release|x86.ActiveCfg = Release|x86
		{36B93017-5622-4EF6-8AA1-F9BE221A06DF}.Release|x86.Build.0 = Release|x86
	EndGlobalSection
	GlobalSection(SolutionProperties) = preSolution
		HideSolutionNode = FALSE
	EndGlobalSection
	GlobalSection(ExtensibilityGlobals) = postSolution
		EnterpriseLibraryConfigurationToolBinariesPath = packages\Unity.2.1.505.2\lib\NET35;packages\Unity.Interception.2.1.505.2\lib\NET35
	EndGlobalSection
EndGlobal
